// !$*UTF8*$!
{
	archiveVersion = 1;
	classes = {
	};
	objectVersion = 56;
	objects = {

/* Begin PBXBuildFile section */
		9157F0302C38373A00F4A5C6 /* Configuration.swift in Sources */ = {isa = PBXBuildFile; fileRef = 9157F02F2C38373A00F4A5C6 /* Configuration.swift */; };
		9157F0322C3838F300F4A5C6 /* ConfigurationRepository.swift in Sources */ = {isa = PBXBuildFile; fileRef = 9157F0312C3838F300F4A5C6 /* ConfigurationRepository.swift */; };
		916A24922BE7694000F32E0D /* RecordingsListView.swift in Sources */ = {isa = PBXBuildFile; fileRef = 916A24912BE7694000F32E0D /* RecordingsListView.swift */; };
		916A24942BE769FC00F32E0D /* RecorderView.swift in Sources */ = {isa = PBXBuildFile; fileRef = 916A24932BE769FB00F32E0D /* RecorderView.swift */; };
		916A24B52BED5BF300F32E0D /* Stopwatch.swift in Sources */ = {isa = PBXBuildFile; fileRef = 916A24B42BED5BF300F32E0D /* Stopwatch.swift */; };
		916A24B72BEF52A500F32E0D /* AudioPlayer.swift in Sources */ = {isa = PBXBuildFile; fileRef = 916A24B62BEF52A500F32E0D /* AudioPlayer.swift */; };
		916A24B92BF0C96000F32E0D /* WearableInfoView.swift in Sources */ = {isa = PBXBuildFile; fileRef = 916A24B82BF0C96000F32E0D /* WearableInfoView.swift */; };
		916F8BB12C2948C40017E0EA /* Copus in Frameworks */ = {isa = PBXBuildFile; productRef = 916F8BB02C2948C40017E0EA /* Copus */; };
		916F8BB32C2948C40017E0EA /* Opus in Frameworks */ = {isa = PBXBuildFile; productRef = 916F8BB22C2948C40017E0EA /* Opus */; };
		916F8BB52C2976830017E0EA /* Codecs.swift in Sources */ = {isa = PBXBuildFile; fileRef = 916F8BB42C2976830017E0EA /* Codecs.swift */; };
		917C2B262C53DEA30030C51F /* EditUserDeviceView.swift in Sources */ = {isa = PBXBuildFile; fileRef = 917C2B252C53DEA30030C51F /* EditUserDeviceView.swift */; };
		91928F922BFFA69400C3B9B0 /* BLEAssignedNumber.swift in Sources */ = {isa = PBXBuildFile; fileRef = 91928F912BFFA69400C3B9B0 /* BLEAssignedNumber.swift */; };
		91BC88942C214ABE0061AB2F /* RecordingPlayerView.swift in Sources */ = {isa = PBXBuildFile; fileRef = 91BC88932C214ABE0061AB2F /* RecordingPlayerView.swift */; };
		91BC88962C214DAA0061AB2F /* RecordingTranscriptionView.swift in Sources */ = {isa = PBXBuildFile; fileRef = 91BC88952C214DAA0061AB2F /* RecordingTranscriptionView.swift */; };
		91BC88982C2353D50061AB2F /* RecordingInfoView.swift in Sources */ = {isa = PBXBuildFile; fileRef = 91BC88972C2353D50061AB2F /* RecordingInfoView.swift */; };
		91C5903B2C33D5CD00721380 /* SettingsView.swift in Sources */ = {isa = PBXBuildFile; fileRef = 91C5903A2C33D5CD00721380 /* SettingsView.swift */; };
		91C5903D2C33E1D600721380 /* UserDevice.swift in Sources */ = {isa = PBXBuildFile; fileRef = 91C5903C2C33E1D600721380 /* UserDevice.swift */; };
		91C5905A2C353C1F00721380 /* README.md in Resources */ = {isa = PBXBuildFile; fileRef = 91C590592C353C1F00721380 /* README.md */; };
		91C5905D2C353F2900721380 /* WearableDeviceRegistry.swift in Sources */ = {isa = PBXBuildFile; fileRef = 91C5905C2C353F2900721380 /* WearableDeviceRegistry.swift */; };
		91CFACEC2C36959F0058A08C /* WearableDeviceSelectionView.swift in Sources */ = {isa = PBXBuildFile; fileRef = 91CFACEB2C36959F0058A08C /* WearableDeviceSelectionView.swift */; };
		91CFACEE2C36966E0058A08C /* BLEScanner.swift in Sources */ = {isa = PBXBuildFile; fileRef = 91CFACED2C36966E0058A08C /* BLEScanner.swift */; };
		91CFACFF2C37E7880058A08C /* BatteryLevelTests.swift in Sources */ = {isa = PBXBuildFile; fileRef = 91CFACFE2C37E7880058A08C /* BatteryLevelTests.swift */; };
		91CFAD012C37EBC10058A08C /* WearableDeviceHeaderView.swift in Sources */ = {isa = PBXBuildFile; fileRef = 91CFAD002C37EBC10058A08C /* WearableDeviceHeaderView.swift */; };
		91D4BC522C406B7D00703F74 /* PacketCounter.swift in Sources */ = {isa = PBXBuildFile; fileRef = 91D4BC512C406B7D00703F74 /* PacketCounter.swift */; };
		91D4BC542C406C3D00703F74 /* PacketCounterTests.swift in Sources */ = {isa = PBXBuildFile; fileRef = 91D4BC532C406C3D00703F74 /* PacketCounterTests.swift */; };
		91E0D3902C4AD014000DB0C9 /* RecordingsAPI.swift in Sources */ = {isa = PBXBuildFile; fileRef = 91E0D38F2C4AD014000DB0C9 /* RecordingsAPI.swift */; };
		91EFC5532BDCEFBB0098D265 /* PALAppApp.swift in Sources */ = {isa = PBXBuildFile; fileRef = 91EFC5522BDCEFBB0098D265 /* PALAppApp.swift */; };
		91EFC5552BDCEFBB0098D265 /* ContentView.swift in Sources */ = {isa = PBXBuildFile; fileRef = 91EFC5542BDCEFBB0098D265 /* ContentView.swift */; };
		91EFC5572BDCEFBC0098D265 /* Assets.xcassets in Resources */ = {isa = PBXBuildFile; fileRef = 91EFC5562BDCEFBC0098D265 /* Assets.xcassets */; };
		91EFC55B2BDCEFBC0098D265 /* Preview Assets.xcassets in Resources */ = {isa = PBXBuildFile; fileRef = 91EFC55A2BDCEFBC0098D265 /* Preview Assets.xcassets */; };
		91EFC5632BDCF04B0098D265 /* BLEManager.swift in Sources */ = {isa = PBXBuildFile; fileRef = 91EFC5622BDCF04B0098D265 /* BLEManager.swift */; };
		91EFC5652BDCFB8C0098D265 /* WearableDevice.swift in Sources */ = {isa = PBXBuildFile; fileRef = 91EFC5642BDCFB8C0098D265 /* WearableDevice.swift */; };
		91EFC5672BDCFBED0098D265 /* Friend.swift in Sources */ = {isa = PBXBuildFile; fileRef = 91EFC5662BDCFBED0098D265 /* Friend.swift */; };
		91EFC5692BDCFC520098D265 /* PAL.swift in Sources */ = {isa = PBXBuildFile; fileRef = 91EFC5682BDCFC520098D265 /* PAL.swift */; };
		91EFC56D2BDF68520098D265 /* Recording.swift in Sources */ = {isa = PBXBuildFile; fileRef = 91EFC56C2BDF68520098D265 /* Recording.swift */; };
		91EFC56F2BE003290098D265 /* RecordingManager.swift in Sources */ = {isa = PBXBuildFile; fileRef = 91EFC56E2BE003290098D265 /* RecordingManager.swift */; };
		91EFC5712BE0BAD50098D265 /* RecordingView.swift in Sources */ = {isa = PBXBuildFile; fileRef = 91EFC5702BE0BAD50098D265 /* RecordingView.swift */; };
/* End PBXBuildFile section */

/* Begin PBXContainerItemProxy section */
		91CFACF92C37E76C0058A08C /* PBXContainerItemProxy */ = {
			isa = PBXContainerItemProxy;
			containerPortal = 91EFC5472BDCEFBB0098D265 /* Project object */;
			proxyType = 1;
			remoteGlobalIDString = 91EFC54E2BDCEFBB0098D265;
			remoteInfo = PALApp;
		};
/* End PBXContainerItemProxy section */

/* Begin PBXFileReference section */
		9157F02F2C38373A00F4A5C6 /* Configuration.swift */ = {isa = PBXFileReference; lastKnownFileType = sourcecode.swift; path = Configuration.swift; sourceTree = "<group>"; };
		9157F0312C3838F300F4A5C6 /* ConfigurationRepository.swift */ = {isa = PBXFileReference; lastKnownFileType = sourcecode.swift; path = ConfigurationRepository.swift; sourceTree = "<group>"; };
		916A24912BE7694000F32E0D /* RecordingsListView.swift */ = {isa = PBXFileReference; lastKnownFileType = sourcecode.swift; path = RecordingsListView.swift; sourceTree = "<group>"; };
		916A24932BE769FB00F32E0D /* RecorderView.swift */ = {isa = PBXFileReference; lastKnownFileType = sourcecode.swift; path = RecorderView.swift; sourceTree = "<group>"; };
		916A24B42BED5BF300F32E0D /* Stopwatch.swift */ = {isa = PBXFileReference; lastKnownFileType = sourcecode.swift; path = Stopwatch.swift; sourceTree = "<group>"; };
		916A24B62BEF52A500F32E0D /* AudioPlayer.swift */ = {isa = PBXFileReference; lastKnownFileType = sourcecode.swift; path = AudioPlayer.swift; sourceTree = "<group>"; };
		916A24B82BF0C96000F32E0D /* WearableInfoView.swift */ = {isa = PBXFileReference; lastKnownFileType = sourcecode.swift; path = WearableInfoView.swift; sourceTree = "<group>"; };
		916F8BB42C2976830017E0EA /* Codecs.swift */ = {isa = PBXFileReference; lastKnownFileType = sourcecode.swift; path = Codecs.swift; sourceTree = "<group>"; };
		917C2B252C53DEA30030C51F /* EditUserDeviceView.swift */ = {isa = PBXFileReference; lastKnownFileType = sourcecode.swift; path = EditUserDeviceView.swift; sourceTree = "<group>"; };
		91928F912BFFA69400C3B9B0 /* BLEAssignedNumber.swift */ = {isa = PBXFileReference; lastKnownFileType = sourcecode.swift; path = BLEAssignedNumber.swift; sourceTree = "<group>"; };
		91BC88932C214ABE0061AB2F /* RecordingPlayerView.swift */ = {isa = PBXFileReference; lastKnownFileType = sourcecode.swift; path = RecordingPlayerView.swift; sourceTree = "<group>"; };
		91BC88952C214DAA0061AB2F /* RecordingTranscriptionView.swift */ = {isa = PBXFileReference; lastKnownFileType = sourcecode.swift; path = RecordingTranscriptionView.swift; sourceTree = "<group>"; };
		91BC88972C2353D50061AB2F /* RecordingInfoView.swift */ = {isa = PBXFileReference; lastKnownFileType = sourcecode.swift; path = RecordingInfoView.swift; sourceTree = "<group>"; };
		91C5903A2C33D5CD00721380 /* SettingsView.swift */ = {isa = PBXFileReference; lastKnownFileType = sourcecode.swift; path = SettingsView.swift; sourceTree = "<group>"; };
		91C5903C2C33E1D600721380 /* UserDevice.swift */ = {isa = PBXFileReference; lastKnownFileType = sourcecode.swift; path = UserDevice.swift; sourceTree = "<group>"; };
		91C590592C353C1F00721380 /* README.md */ = {isa = PBXFileReference; lastKnownFileType = net.daringfireball.markdown; path = README.md; sourceTree = "<group>"; };
		91C5905C2C353F2900721380 /* WearableDeviceRegistry.swift */ = {isa = PBXFileReference; lastKnownFileType = sourcecode.swift; path = WearableDeviceRegistry.swift; sourceTree = "<group>"; };
		91CFACEB2C36959F0058A08C /* WearableDeviceSelectionView.swift */ = {isa = PBXFileReference; lastKnownFileType = sourcecode.swift; path = WearableDeviceSelectionView.swift; sourceTree = "<group>"; };
		91CFACED2C36966E0058A08C /* BLEScanner.swift */ = {isa = PBXFileReference; lastKnownFileType = sourcecode.swift; path = BLEScanner.swift; sourceTree = "<group>"; };
		91CFACF52C37E76C0058A08C /* PALAppTests.xctest */ = {isa = PBXFileReference; explicitFileType = wrapper.cfbundle; includeInIndex = 0; path = PALAppTests.xctest; sourceTree = BUILT_PRODUCTS_DIR; };
		91CFACFE2C37E7880058A08C /* BatteryLevelTests.swift */ = {isa = PBXFileReference; lastKnownFileType = sourcecode.swift; path = BatteryLevelTests.swift; sourceTree = "<group>"; };
		91CFAD002C37EBC10058A08C /* WearableDeviceHeaderView.swift */ = {isa = PBXFileReference; lastKnownFileType = sourcecode.swift; path = WearableDeviceHeaderView.swift; sourceTree = "<group>"; };
		91D4BC512C406B7D00703F74 /* PacketCounter.swift */ = {isa = PBXFileReference; lastKnownFileType = sourcecode.swift; path = PacketCounter.swift; sourceTree = "<group>"; };
		91D4BC532C406C3D00703F74 /* PacketCounterTests.swift */ = {isa = PBXFileReference; lastKnownFileType = sourcecode.swift; path = PacketCounterTests.swift; sourceTree = "<group>"; };
		91E0D38F2C4AD014000DB0C9 /* RecordingsAPI.swift */ = {isa = PBXFileReference; lastKnownFileType = sourcecode.swift; path = RecordingsAPI.swift; sourceTree = "<group>"; };
		91EFC54F2BDCEFBB0098D265 /* PALApp.app */ = {isa = PBXFileReference; explicitFileType = wrapper.application; includeInIndex = 0; path = PALApp.app; sourceTree = BUILT_PRODUCTS_DIR; };
		91EFC5522BDCEFBB0098D265 /* PALAppApp.swift */ = {isa = PBXFileReference; lastKnownFileType = sourcecode.swift; path = PALAppApp.swift; sourceTree = "<group>"; };
		91EFC5542BDCEFBB0098D265 /* ContentView.swift */ = {isa = PBXFileReference; lastKnownFileType = sourcecode.swift; path = ContentView.swift; sourceTree = "<group>"; };
		91EFC5562BDCEFBC0098D265 /* Assets.xcassets */ = {isa = PBXFileReference; lastKnownFileType = folder.assetcatalog; path = Assets.xcassets; sourceTree = "<group>"; };
		91EFC5582BDCEFBC0098D265 /* PALApp.entitlements */ = {isa = PBXFileReference; lastKnownFileType = text.plist.entitlements; path = PALApp.entitlements; sourceTree = "<group>"; };
		91EFC55A2BDCEFBC0098D265 /* Preview Assets.xcassets */ = {isa = PBXFileReference; lastKnownFileType = folder.assetcatalog; path = "Preview Assets.xcassets"; sourceTree = "<group>"; };
		91EFC5612BDCEFE30098D265 /* Info.plist */ = {isa = PBXFileReference; lastKnownFileType = text.plist; path = Info.plist; sourceTree = "<group>"; };
		91EFC5622BDCF04B0098D265 /* BLEManager.swift */ = {isa = PBXFileReference; lastKnownFileType = sourcecode.swift; path = BLEManager.swift; sourceTree = "<group>"; };
		91EFC5642BDCFB8C0098D265 /* WearableDevice.swift */ = {isa = PBXFileReference; lastKnownFileType = sourcecode.swift; path = WearableDevice.swift; sourceTree = "<group>"; };
		91EFC5662BDCFBED0098D265 /* Friend.swift */ = {isa = PBXFileReference; lastKnownFileType = sourcecode.swift; path = Friend.swift; sourceTree = "<group>"; };
		91EFC5682BDCFC520098D265 /* PAL.swift */ = {isa = PBXFileReference; lastKnownFileType = sourcecode.swift; path = PAL.swift; sourceTree = "<group>"; };
		91EFC56C2BDF68520098D265 /* Recording.swift */ = {isa = PBXFileReference; lastKnownFileType = sourcecode.swift; path = Recording.swift; sourceTree = "<group>"; };
		91EFC56E2BE003290098D265 /* RecordingManager.swift */ = {isa = PBXFileReference; lastKnownFileType = sourcecode.swift; path = RecordingManager.swift; sourceTree = "<group>"; };
		91EFC5702BE0BAD50098D265 /* RecordingView.swift */ = {isa = PBXFileReference; lastKnownFileType = sourcecode.swift; path = RecordingView.swift; sourceTree = "<group>"; };
/* End PBXFileReference section */

/* Begin PBXFrameworksBuildPhase section */
		91CFACF22C37E76C0058A08C /* Frameworks */ = {
			isa = PBXFrameworksBuildPhase;
			buildActionMask = 2147483647;
			files = (
			);
			runOnlyForDeploymentPostprocessing = 0;
		};
		91EFC54C2BDCEFBB0098D265 /* Frameworks */ = {
			isa = PBXFrameworksBuildPhase;
			buildActionMask = 2147483647;
			files = (
				916F8BB12C2948C40017E0EA /* Copus in Frameworks */,
				916F8BB32C2948C40017E0EA /* Opus in Frameworks */,
			);
			runOnlyForDeploymentPostprocessing = 0;
		};
/* End PBXFrameworksBuildPhase section */

/* Begin PBXGroup section */
		9157F0332C3A9D3A00F4A5C6 /* BLE */ = {
			isa = PBXGroup;
			children = (
				91EFC5622BDCF04B0098D265 /* BLEManager.swift */,
				91CFACED2C36966E0058A08C /* BLEScanner.swift */,
				91928F912BFFA69400C3B9B0 /* BLEAssignedNumber.swift */,
			);
			path = BLE;
			sourceTree = "<group>";
		};
		9157F0342C3A9DB900F4A5C6 /* Utilities */ = {
			isa = PBXGroup;
			children = (
				916A24B62BEF52A500F32E0D /* AudioPlayer.swift */,
				916F8BB42C2976830017E0EA /* Codecs.swift */,
				916A24B42BED5BF300F32E0D /* Stopwatch.swift */,
				91D4BC512C406B7D00703F74 /* PacketCounter.swift */,
			);
			path = Utilities;
			sourceTree = "<group>";
		};
		9157F0352C3A9DDE00F4A5C6 /* Storage */ = {
			isa = PBXGroup;
			children = (
				9157F0312C3838F300F4A5C6 /* ConfigurationRepository.swift */,
				9157F02F2C38373A00F4A5C6 /* Configuration.swift */,
				91EFC56C2BDF68520098D265 /* Recording.swift */,
				91C5903C2C33E1D600721380 /* UserDevice.swift */,
			);
			path = Storage;
			sourceTree = "<group>";
		};
		91C5905B2C353F0700721380 /* WearableDevices */ = {
			isa = PBXGroup;
			children = (
				91EFC5642BDCFB8C0098D265 /* WearableDevice.swift */,
				91EFC5662BDCFBED0098D265 /* Friend.swift */,
				91EFC5682BDCFC520098D265 /* PAL.swift */,
				91C5905C2C353F2900721380 /* WearableDeviceRegistry.swift */,
			);
			path = WearableDevices;
			sourceTree = "<group>";
		};
		91CFACF62C37E76C0058A08C /* PALAppTests */ = {
			isa = PBXGroup;
			children = (
				91CFACFE2C37E7880058A08C /* BatteryLevelTests.swift */,
				91D4BC532C406C3D00703F74 /* PacketCounterTests.swift */,
			);
			path = PALAppTests;
			sourceTree = "<group>";
		};
		91E0D38E2C4ACFFD000DB0C9 /* ServerAPI */ = {
			isa = PBXGroup;
			children = (
				91E0D38F2C4AD014000DB0C9 /* RecordingsAPI.swift */,
			);
			path = ServerAPI;
			sourceTree = "<group>";
		};
		91EFC5462BDCEFBB0098D265 = {
			isa = PBXGroup;
			children = (
				91EFC5512BDCEFBB0098D265 /* PALApp */,
				91CFACF62C37E76C0058A08C /* PALAppTests */,
				91EFC5502BDCEFBB0098D265 /* Products */,
			);
			sourceTree = "<group>";
		};
		91EFC5502BDCEFBB0098D265 /* Products */ = {
			isa = PBXGroup;
			children = (
				91EFC54F2BDCEFBB0098D265 /* PALApp.app */,
				91CFACF52C37E76C0058A08C /* PALAppTests.xctest */,
			);
			name = Products;
			sourceTree = "<group>";
		};
		91EFC5512BDCEFBB0098D265 /* PALApp */ = {
			isa = PBXGroup;
			children = (
				91EFC5612BDCEFE30098D265 /* Info.plist */,
				91EFC5522BDCEFBB0098D265 /* PALAppApp.swift */,
				91EFC5542BDCEFBB0098D265 /* ContentView.swift */,
				91EFC5562BDCEFBC0098D265 /* Assets.xcassets */,
				91EFC5582BDCEFBC0098D265 /* PALApp.entitlements */,
				91EFC5592BDCEFBC0098D265 /* Preview Content */,
				91C5905B2C353F0700721380 /* WearableDevices */,
				9157F0332C3A9D3A00F4A5C6 /* BLE */,
				9157F0342C3A9DB900F4A5C6 /* Utilities */,
				9157F0352C3A9DDE00F4A5C6 /* Storage */,
				91E0D38E2C4ACFFD000DB0C9 /* ServerAPI */,
				91EFC56E2BE003290098D265 /* RecordingManager.swift */,
				916A24912BE7694000F32E0D /* RecordingsListView.swift */,
				91EFC5702BE0BAD50098D265 /* RecordingView.swift */,
				916A24932BE769FB00F32E0D /* RecorderView.swift */,
				916A24B82BF0C96000F32E0D /* WearableInfoView.swift */,
				91BC88932C214ABE0061AB2F /* RecordingPlayerView.swift */,
				91BC88952C214DAA0061AB2F /* RecordingTranscriptionView.swift */,
				91BC88972C2353D50061AB2F /* RecordingInfoView.swift */,
				91C5903A2C33D5CD00721380 /* SettingsView.swift */,
				91CFACEB2C36959F0058A08C /* WearableDeviceSelectionView.swift */,
				91CFAD002C37EBC10058A08C /* WearableDeviceHeaderView.swift */,
				917C2B252C53DEA30030C51F /* EditUserDeviceView.swift */,
				91C590592C353C1F00721380 /* README.md */,
			);
			path = PALApp;
			sourceTree = "<group>";
		};
		91EFC5592BDCEFBC0098D265 /* Preview Content */ = {
			isa = PBXGroup;
			children = (
				91EFC55A2BDCEFBC0098D265 /* Preview Assets.xcassets */,
			);
			path = "Preview Content";
			sourceTree = "<group>";
		};
/* End PBXGroup section */

/* Begin PBXNativeTarget section */
		91CFACF42C37E76C0058A08C /* PALAppTests */ = {
			isa = PBXNativeTarget;
			buildConfigurationList = 91CFACFB2C37E76C0058A08C /* Build configuration list for PBXNativeTarget "PALAppTests" */;
			buildPhases = (
				91CFACF12C37E76C0058A08C /* Sources */,
				91CFACF22C37E76C0058A08C /* Frameworks */,
				91CFACF32C37E76C0058A08C /* Resources */,
			);
			buildRules = (
			);
			dependencies = (
				91CFACFA2C37E76C0058A08C /* PBXTargetDependency */,
			);
			name = PALAppTests;
			productName = PALAppTests;
			productReference = 91CFACF52C37E76C0058A08C /* PALAppTests.xctest */;
			productType = "com.apple.product-type.bundle.unit-test";
		};
		91EFC54E2BDCEFBB0098D265 /* PALApp */ = {
			isa = PBXNativeTarget;
			buildConfigurationList = 91EFC55E2BDCEFBC0098D265 /* Build configuration list for PBXNativeTarget "PALApp" */;
			buildPhases = (
				91EFC54B2BDCEFBB0098D265 /* Sources */,
				91EFC54C2BDCEFBB0098D265 /* Frameworks */,
				91EFC54D2BDCEFBB0098D265 /* Resources */,
			);
			buildRules = (
			);
			dependencies = (
			);
			name = PALApp;
			packageProductDependencies = (
				916F8BB02C2948C40017E0EA /* Copus */,
				916F8BB22C2948C40017E0EA /* Opus */,
			);
			productName = PALApp;
			productReference = 91EFC54F2BDCEFBB0098D265 /* PALApp.app */;
			productType = "com.apple.product-type.application";
		};
/* End PBXNativeTarget section */

/* Begin PBXProject section */
		91EFC5472BDCEFBB0098D265 /* Project object */ = {
			isa = PBXProject;
			attributes = {
				BuildIndependentTargetsInParallel = 1;
				LastSwiftUpdateCheck = 1540;
				LastUpgradeCheck = 1540;
				TargetAttributes = {
					91CFACF42C37E76C0058A08C = {
						CreatedOnToolsVersion = 15.4;
						TestTargetID = 91EFC54E2BDCEFBB0098D265;
					};
					91EFC54E2BDCEFBB0098D265 = {
						CreatedOnToolsVersion = 15.3;
					};
				};
			};
			buildConfigurationList = 91EFC54A2BDCEFBB0098D265 /* Build configuration list for PBXProject "PALApp" */;
			compatibilityVersion = "Xcode 14.0";
			developmentRegion = en;
			hasScannedForEncodings = 0;
			knownRegions = (
				en,
				Base,
			);
			mainGroup = 91EFC5462BDCEFBB0098D265;
			packageReferences = (
				916F8BAF2C2948C40017E0EA /* XCRemoteSwiftPackageReference "swift-opus" */,
			);
			productRefGroup = 91EFC5502BDCEFBB0098D265 /* Products */;
			projectDirPath = "";
			projectRoot = "";
			targets = (
				91EFC54E2BDCEFBB0098D265 /* PALApp */,
				91CFACF42C37E76C0058A08C /* PALAppTests */,
			);
		};
/* End PBXProject section */

/* Begin PBXResourcesBuildPhase section */
		91CFACF32C37E76C0058A08C /* Resources */ = {
			isa = PBXResourcesBuildPhase;
			buildActionMask = 2147483647;
			files = (
			);
			runOnlyForDeploymentPostprocessing = 0;
		};
		91EFC54D2BDCEFBB0098D265 /* Resources */ = {
			isa = PBXResourcesBuildPhase;
			buildActionMask = 2147483647;
			files = (
				91C5905A2C353C1F00721380 /* README.md in Resources */,
				91EFC55B2BDCEFBC0098D265 /* Preview Assets.xcassets in Resources */,
				91EFC5572BDCEFBC0098D265 /* Assets.xcassets in Resources */,
			);
			runOnlyForDeploymentPostprocessing = 0;
		};
/* End PBXResourcesBuildPhase section */

/* Begin PBXSourcesBuildPhase section */
		91CFACF12C37E76C0058A08C /* Sources */ = {
			isa = PBXSourcesBuildPhase;
			buildActionMask = 2147483647;
			files = (
				91D4BC542C406C3D00703F74 /* PacketCounterTests.swift in Sources */,
				91CFACFF2C37E7880058A08C /* BatteryLevelTests.swift in Sources */,
			);
			runOnlyForDeploymentPostprocessing = 0;
		};
		91EFC54B2BDCEFBB0098D265 /* Sources */ = {
			isa = PBXSourcesBuildPhase;
			buildActionMask = 2147483647;
			files = (
				91CFACEE2C36966E0058A08C /* BLEScanner.swift in Sources */,
				91EFC5552BDCEFBB0098D265 /* ContentView.swift in Sources */,
				9157F0302C38373A00F4A5C6 /* Configuration.swift in Sources */,
				91BC88962C214DAA0061AB2F /* RecordingTranscriptionView.swift in Sources */,
				91EFC56F2BE003290098D265 /* RecordingManager.swift in Sources */,
				916A24B72BEF52A500F32E0D /* AudioPlayer.swift in Sources */,
				91D4BC522C406B7D00703F74 /* PacketCounter.swift in Sources */,
				91EFC5692BDCFC520098D265 /* PAL.swift in Sources */,
				91EFC5632BDCF04B0098D265 /* BLEManager.swift in Sources */,
				916A24922BE7694000F32E0D /* RecordingsListView.swift in Sources */,
				916F8BB52C2976830017E0EA /* Codecs.swift in Sources */,
				91CFAD012C37EBC10058A08C /* WearableDeviceHeaderView.swift in Sources */,
				916A24B52BED5BF300F32E0D /* Stopwatch.swift in Sources */,
				916A24942BE769FC00F32E0D /* RecorderView.swift in Sources */,
				91C5905D2C353F2900721380 /* WearableDeviceRegistry.swift in Sources */,
				91BC88982C2353D50061AB2F /* RecordingInfoView.swift in Sources */,
				91EFC5672BDCFBED0098D265 /* Friend.swift in Sources */,
				91928F922BFFA69400C3B9B0 /* BLEAssignedNumber.swift in Sources */,
				91CFACEC2C36959F0058A08C /* WearableDeviceSelectionView.swift in Sources */,
				91C5903D2C33E1D600721380 /* UserDevice.swift in Sources */,
				91EFC5712BE0BAD50098D265 /* RecordingView.swift in Sources */,
				916A24B92BF0C96000F32E0D /* WearableInfoView.swift in Sources */,
				91E0D3902C4AD014000DB0C9 /* RecordingsAPI.swift in Sources */,
				91BC88942C214ABE0061AB2F /* RecordingPlayerView.swift in Sources */,
				91EFC5652BDCFB8C0098D265 /* WearableDevice.swift in Sources */,
				9157F0322C3838F300F4A5C6 /* ConfigurationRepository.swift in Sources */,
				91EFC5532BDCEFBB0098D265 /* PALAppApp.swift in Sources */,
				91EFC56D2BDF68520098D265 /* Recording.swift in Sources */,
				91C5903B2C33D5CD00721380 /* SettingsView.swift in Sources */,
				917C2B262C53DEA30030C51F /* EditUserDeviceView.swift in Sources */,
			);
			runOnlyForDeploymentPostprocessing = 0;
		};
/* End PBXSourcesBuildPhase section */

/* Begin PBXTargetDependency section */
		91CFACFA2C37E76C0058A08C /* PBXTargetDependency */ = {
			isa = PBXTargetDependency;
			target = 91EFC54E2BDCEFBB0098D265 /* PALApp */;
			targetProxy = 91CFACF92C37E76C0058A08C /* PBXContainerItemProxy */;
		};
/* End PBXTargetDependency section */

/* Begin XCBuildConfiguration section */
		91CFACFC2C37E76C0058A08C /* Debug */ = {
			isa = XCBuildConfiguration;
			buildSettings = {
				BUNDLE_LOADER = "$(TEST_HOST)";
				CODE_SIGN_STYLE = Automatic;
				CURRENT_PROJECT_VERSION = 1;
				DEVELOPMENT_TEAM = UJ8863CW3M;
				GENERATE_INFOPLIST_FILE = YES;
				IPHONEOS_DEPLOYMENT_TARGET = 17.5;
				MACOSX_DEPLOYMENT_TARGET = 14.5;
				MARKETING_VERSION = 1.0;
				PRODUCT_BUNDLE_IDENTIFIER = be.nelcea.PALAppTests;
				PRODUCT_NAME = "$(TARGET_NAME)";
				SDKROOT = auto;
				SUPPORTED_PLATFORMS = "iphoneos iphonesimulator macosx";
				SWIFT_EMIT_LOC_STRINGS = NO;
				SWIFT_VERSION = 5.0;
				TARGETED_DEVICE_FAMILY = "1,2";
				TEST_HOST = "$(BUILT_PRODUCTS_DIR)/PALApp.app/$(BUNDLE_EXECUTABLE_FOLDER_PATH)/PALApp";
			};
			name = Debug;
		};
		91CFACFD2C37E76C0058A08C /* Release */ = {
			isa = XCBuildConfiguration;
			buildSettings = {
				BUNDLE_LOADER = "$(TEST_HOST)";
				CODE_SIGN_STYLE = Automatic;
				CURRENT_PROJECT_VERSION = 1;
				DEVELOPMENT_TEAM = UJ8863CW3M;
				GENERATE_INFOPLIST_FILE = YES;
				IPHONEOS_DEPLOYMENT_TARGET = 17.5;
				MACOSX_DEPLOYMENT_TARGET = 14.5;
				MARKETING_VERSION = 1.0;
				PRODUCT_BUNDLE_IDENTIFIER = be.nelcea.PALAppTests;
				PRODUCT_NAME = "$(TARGET_NAME)";
				SDKROOT = auto;
				SUPPORTED_PLATFORMS = "iphoneos iphonesimulator macosx";
				SWIFT_EMIT_LOC_STRINGS = NO;
				SWIFT_VERSION = 5.0;
				TARGETED_DEVICE_FAMILY = "1,2";
				TEST_HOST = "$(BUILT_PRODUCTS_DIR)/PALApp.app/$(BUNDLE_EXECUTABLE_FOLDER_PATH)/PALApp";
			};
			name = Release;
		};
		91EFC55C2BDCEFBC0098D265 /* Debug */ = {
			isa = XCBuildConfiguration;
			buildSettings = {
				ALWAYS_SEARCH_USER_PATHS = NO;
				ASSETCATALOG_COMPILER_GENERATE_SWIFT_ASSET_SYMBOL_EXTENSIONS = YES;
				CLANG_ANALYZER_NONNULL = YES;
				CLANG_ANALYZER_NUMBER_OBJECT_CONVERSION = YES_AGGRESSIVE;
				CLANG_CXX_LANGUAGE_STANDARD = "gnu++20";
				CLANG_ENABLE_MODULES = YES;
				CLANG_ENABLE_OBJC_ARC = YES;
				CLANG_ENABLE_OBJC_WEAK = YES;
				CLANG_WARN_BLOCK_CAPTURE_AUTORELEASING = YES;
				CLANG_WARN_BOOL_CONVERSION = YES;
				CLANG_WARN_COMMA = YES;
				CLANG_WARN_CONSTANT_CONVERSION = YES;
				CLANG_WARN_DEPRECATED_OBJC_IMPLEMENTATIONS = YES;
				CLANG_WARN_DIRECT_OBJC_ISA_USAGE = YES_ERROR;
				CLANG_WARN_DOCUMENTATION_COMMENTS = YES;
				CLANG_WARN_EMPTY_BODY = YES;
				CLANG_WARN_ENUM_CONVERSION = YES;
				CLANG_WARN_INFINITE_RECURSION = YES;
				CLANG_WARN_INT_CONVERSION = YES;
				CLANG_WARN_NON_LITERAL_NULL_CONVERSION = YES;
				CLANG_WARN_OBJC_IMPLICIT_RETAIN_SELF = YES;
				CLANG_WARN_OBJC_LITERAL_CONVERSION = YES;
				CLANG_WARN_OBJC_ROOT_CLASS = YES_ERROR;
				CLANG_WARN_QUOTED_INCLUDE_IN_FRAMEWORK_HEADER = YES;
				CLANG_WARN_RANGE_LOOP_ANALYSIS = YES;
				CLANG_WARN_STRICT_PROTOTYPES = YES;
				CLANG_WARN_SUSPICIOUS_MOVE = YES;
				CLANG_WARN_UNGUARDED_AVAILABILITY = YES_AGGRESSIVE;
				CLANG_WARN_UNREACHABLE_CODE = YES;
				CLANG_WARN__DUPLICATE_METHOD_MATCH = YES;
				COPY_PHASE_STRIP = NO;
				DEAD_CODE_STRIPPING = YES;
				DEBUG_INFORMATION_FORMAT = dwarf;
				ENABLE_STRICT_OBJC_MSGSEND = YES;
				ENABLE_TESTABILITY = YES;
				ENABLE_USER_SCRIPT_SANDBOXING = YES;
				GCC_C_LANGUAGE_STANDARD = gnu17;
				GCC_DYNAMIC_NO_PIC = NO;
				GCC_NO_COMMON_BLOCKS = YES;
				GCC_OPTIMIZATION_LEVEL = 0;
				GCC_PREPROCESSOR_DEFINITIONS = (
					"DEBUG=1",
					"$(inherited)",
				);
				GCC_WARN_64_TO_32_BIT_CONVERSION = YES;
				GCC_WARN_ABOUT_RETURN_TYPE = YES_ERROR;
				GCC_WARN_UNDECLARED_SELECTOR = YES;
				GCC_WARN_UNINITIALIZED_AUTOS = YES_AGGRESSIVE;
				GCC_WARN_UNUSED_FUNCTION = YES;
				GCC_WARN_UNUSED_VARIABLE = YES;
				LOCALIZATION_PREFERS_STRING_CATALOGS = YES;
				MTL_ENABLE_DEBUG_INFO = INCLUDE_SOURCE;
				MTL_FAST_MATH = YES;
				ONLY_ACTIVE_ARCH = YES;
				SWIFT_ACTIVE_COMPILATION_CONDITIONS = "DEBUG $(inherited)";
				SWIFT_OPTIMIZATION_LEVEL = "-Onone";
			};
			name = Debug;
		};
		91EFC55D2BDCEFBC0098D265 /* Release */ = {
			isa = XCBuildConfiguration;
			buildSettings = {
				ALWAYS_SEARCH_USER_PATHS = NO;
				ASSETCATALOG_COMPILER_GENERATE_SWIFT_ASSET_SYMBOL_EXTENSIONS = YES;
				CLANG_ANALYZER_NONNULL = YES;
				CLANG_ANALYZER_NUMBER_OBJECT_CONVERSION = YES_AGGRESSIVE;
				CLANG_CXX_LANGUAGE_STANDARD = "gnu++20";
				CLANG_ENABLE_MODULES = YES;
				CLANG_ENABLE_OBJC_ARC = YES;
				CLANG_ENABLE_OBJC_WEAK = YES;
				CLANG_WARN_BLOCK_CAPTURE_AUTORELEASING = YES;
				CLANG_WARN_BOOL_CONVERSION = YES;
				CLANG_WARN_COMMA = YES;
				CLANG_WARN_CONSTANT_CONVERSION = YES;
				CLANG_WARN_DEPRECATED_OBJC_IMPLEMENTATIONS = YES;
				CLANG_WARN_DIRECT_OBJC_ISA_USAGE = YES_ERROR;
				CLANG_WARN_DOCUMENTATION_COMMENTS = YES;
				CLANG_WARN_EMPTY_BODY = YES;
				CLANG_WARN_ENUM_CONVERSION = YES;
				CLANG_WARN_INFINITE_RECURSION = YES;
				CLANG_WARN_INT_CONVERSION = YES;
				CLANG_WARN_NON_LITERAL_NULL_CONVERSION = YES;
				CLANG_WARN_OBJC_IMPLICIT_RETAIN_SELF = YES;
				CLANG_WARN_OBJC_LITERAL_CONVERSION = YES;
				CLANG_WARN_OBJC_ROOT_CLASS = YES_ERROR;
				CLANG_WARN_QUOTED_INCLUDE_IN_FRAMEWORK_HEADER = YES;
				CLANG_WARN_RANGE_LOOP_ANALYSIS = YES;
				CLANG_WARN_STRICT_PROTOTYPES = YES;
				CLANG_WARN_SUSPICIOUS_MOVE = YES;
				CLANG_WARN_UNGUARDED_AVAILABILITY = YES_AGGRESSIVE;
				CLANG_WARN_UNREACHABLE_CODE = YES;
				CLANG_WARN__DUPLICATE_METHOD_MATCH = YES;
				COPY_PHASE_STRIP = NO;
				DEAD_CODE_STRIPPING = YES;
				DEBUG_INFORMATION_FORMAT = "dwarf-with-dsym";
				ENABLE_NS_ASSERTIONS = NO;
				ENABLE_STRICT_OBJC_MSGSEND = YES;
				ENABLE_USER_SCRIPT_SANDBOXING = YES;
				GCC_C_LANGUAGE_STANDARD = gnu17;
				GCC_NO_COMMON_BLOCKS = YES;
				GCC_WARN_64_TO_32_BIT_CONVERSION = YES;
				GCC_WARN_ABOUT_RETURN_TYPE = YES_ERROR;
				GCC_WARN_UNDECLARED_SELECTOR = YES;
				GCC_WARN_UNINITIALIZED_AUTOS = YES_AGGRESSIVE;
				GCC_WARN_UNUSED_FUNCTION = YES;
				GCC_WARN_UNUSED_VARIABLE = YES;
				LOCALIZATION_PREFERS_STRING_CATALOGS = YES;
				MTL_ENABLE_DEBUG_INFO = NO;
				MTL_FAST_MATH = YES;
				SWIFT_COMPILATION_MODE = wholemodule;
			};
			name = Release;
		};
		91EFC55F2BDCEFBC0098D265 /* Debug */ = {
			isa = XCBuildConfiguration;
			buildSettings = {
				ASSETCATALOG_COMPILER_APPICON_NAME = AppIcon;
				ASSETCATALOG_COMPILER_GLOBAL_ACCENT_COLOR_NAME = AccentColor;
				CODE_SIGN_ENTITLEMENTS = PALApp/PALApp.entitlements;
				CODE_SIGN_STYLE = Automatic;
				CURRENT_PROJECT_VERSION = 3;
				DEAD_CODE_STRIPPING = YES;
				DEVELOPMENT_ASSET_PATHS = "\"PALApp/Preview Content\"";
				DEVELOPMENT_TEAM = "";
				ENABLE_HARDENED_RUNTIME = YES;
				ENABLE_PREVIEWS = YES;
				GENERATE_INFOPLIST_FILE = YES;
				INFOPLIST_FILE = PALApp/Info.plist;
				INFOPLIST_KEY_NSBluetoothAlwaysUsageDescription = "Scan for and connect to AI wearables";
				INFOPLIST_KEY_NSSpeechRecognitionUsageDescription = "Speech recognition is used to transcribe recording text on device.";
				"INFOPLIST_KEY_UIApplicationSceneManifest_Generation[sdk=iphoneos*]" = YES;
				"INFOPLIST_KEY_UIApplicationSceneManifest_Generation[sdk=iphonesimulator*]" = YES;
				"INFOPLIST_KEY_UIApplicationSupportsIndirectInputEvents[sdk=iphoneos*]" = YES;
				"INFOPLIST_KEY_UIApplicationSupportsIndirectInputEvents[sdk=iphonesimulator*]" = YES;
				"INFOPLIST_KEY_UILaunchScreen_Generation[sdk=iphoneos*]" = YES;
				"INFOPLIST_KEY_UILaunchScreen_Generation[sdk=iphonesimulator*]" = YES;
				"INFOPLIST_KEY_UIStatusBarStyle[sdk=iphoneos*]" = UIStatusBarStyleDefault;
				"INFOPLIST_KEY_UIStatusBarStyle[sdk=iphonesimulator*]" = UIStatusBarStyleDefault;
				INFOPLIST_KEY_UISupportedInterfaceOrientations_iPad = "UIInterfaceOrientationPortrait UIInterfaceOrientationPortraitUpsideDown UIInterfaceOrientationLandscapeLeft UIInterfaceOrientationLandscapeRight";
				INFOPLIST_KEY_UISupportedInterfaceOrientations_iPhone = "UIInterfaceOrientationPortrait UIInterfaceOrientationLandscapeLeft UIInterfaceOrientationLandscapeRight";
				IPHONEOS_DEPLOYMENT_TARGET = 17.4;
				LD_RUNPATH_SEARCH_PATHS = "@executable_path/Frameworks";
				"LD_RUNPATH_SEARCH_PATHS[sdk=macosx*]" = "@executable_path/../Frameworks";
				MACOSX_DEPLOYMENT_TARGET = 14.4;
				MARKETING_VERSION = 1.0;
				PRODUCT_BUNDLE_IDENTIFIER = be.nelcea.PALApp;
				PRODUCT_NAME = "$(TARGET_NAME)";
				SDKROOT = auto;
				SUPPORTED_PLATFORMS = "iphoneos iphonesimulator macosx";
				SWIFT_EMIT_LOC_STRINGS = YES;
				SWIFT_VERSION = 5.0;
				TARGETED_DEVICE_FAMILY = "1,2";
			};
			name = Debug;
		};
		91EFC5602BDCEFBC0098D265 /* Release */ = {
			isa = XCBuildConfiguration;
			buildSettings = {
				ASSETCATALOG_COMPILER_APPICON_NAME = AppIcon;
				ASSETCATALOG_COMPILER_GLOBAL_ACCENT_COLOR_NAME = AccentColor;
				CODE_SIGN_ENTITLEMENTS = PALApp/PALApp.entitlements;
				CODE_SIGN_STYLE = Automatic;
				CURRENT_PROJECT_VERSION = 3;
				DEAD_CODE_STRIPPING = YES;
				DEVELOPMENT_ASSET_PATHS = "\"PALApp/Preview Content\"";
				DEVELOPMENT_TEAM = "";
				ENABLE_HARDENED_RUNTIME = YES;
				ENABLE_PREVIEWS = YES;
				GENERATE_INFOPLIST_FILE = YES;
				INFOPLIST_FILE = PALApp/Info.plist;
				INFOPLIST_KEY_NSBluetoothAlwaysUsageDescription = "Scan for and connect to AI wearables";
				INFOPLIST_KEY_NSSpeechRecognitionUsageDescription = "Speech recognition is used to transcribe recording text on device.";
				"INFOPLIST_KEY_UIApplicationSceneManifest_Generation[sdk=iphoneos*]" = YES;
				"INFOPLIST_KEY_UIApplicationSceneManifest_Generation[sdk=iphonesimulator*]" = YES;
				"INFOPLIST_KEY_UIApplicationSupportsIndirectInputEvents[sdk=iphoneos*]" = YES;
				"INFOPLIST_KEY_UIApplicationSupportsIndirectInputEvents[sdk=iphonesimulator*]" = YES;
				"INFOPLIST_KEY_UILaunchScreen_Generation[sdk=iphoneos*]" = YES;
				"INFOPLIST_KEY_UILaunchScreen_Generation[sdk=iphonesimulator*]" = YES;
				"INFOPLIST_KEY_UIStatusBarStyle[sdk=iphoneos*]" = UIStatusBarStyleDefault;
				"INFOPLIST_KEY_UIStatusBarStyle[sdk=iphonesimulator*]" = UIStatusBarStyleDefault;
				INFOPLIST_KEY_UISupportedInterfaceOrientations_iPad = "UIInterfaceOrientationPortrait UIInterfaceOrientationPortraitUpsideDown UIInterfaceOrientationLandscapeLeft UIInterfaceOrientationLandscapeRight";
				INFOPLIST_KEY_UISupportedInterfaceOrientations_iPhone = "UIInterfaceOrientationPortrait UIInterfaceOrientationLandscapeLeft UIInterfaceOrientationLandscapeRight";
				IPHONEOS_DEPLOYMENT_TARGET = 17.4;
				LD_RUNPATH_SEARCH_PATHS = "@executable_path/Frameworks";
				"LD_RUNPATH_SEARCH_PATHS[sdk=macosx*]" = "@executable_path/../Frameworks";
				MACOSX_DEPLOYMENT_TARGET = 14.4;
				MARKETING_VERSION = 1.0;
				PRODUCT_BUNDLE_IDENTIFIER = be.nelcea.PALApp;
				PRODUCT_NAME = "$(TARGET_NAME)";
				SDKROOT = auto;
				SUPPORTED_PLATFORMS = "iphoneos iphonesimulator macosx";
				SWIFT_EMIT_LOC_STRINGS = YES;
				SWIFT_VERSION = 5.0;
				TARGETED_DEVICE_FAMILY = "1,2";
			};
			name = Release;
		};
/* End XCBuildConfiguration section */

/* Begin XCConfigurationList section */
		91CFACFB2C37E76C0058A08C /* Build configuration list for PBXNativeTarget "PALAppTests" */ = {
			isa = XCConfigurationList;
			buildConfigurations = (
				91CFACFC2C37E76C0058A08C /* Debug */,
				91CFACFD2C37E76C0058A08C /* Release */,
			);
			defaultConfigurationIsVisible = 0;
			defaultConfigurationName = Release;
		};
		91EFC54A2BDCEFBB0098D265 /* Build configuration list for PBXProject "PALApp" */ = {
			isa = XCConfigurationList;
			buildConfigurations = (
				91EFC55C2BDCEFBC0098D265 /* Debug */,
				91EFC55D2BDCEFBC0098D265 /* Release */,
			);
			defaultConfigurationIsVisible = 0;
			defaultConfigurationName = Release;
		};
		91EFC55E2BDCEFBC0098D265 /* Build configuration list for PBXNativeTarget "PALApp" */ = {
			isa = XCConfigurationList;
			buildConfigurations = (
				91EFC55F2BDCEFBC0098D265 /* Debug */,
				91EFC5602BDCEFBC0098D265 /* Release */,
			);
			defaultConfigurationIsVisible = 0;
			defaultConfigurationName = Release;
		};
/* End XCConfigurationList section */

/* Begin XCRemoteSwiftPackageReference section */
		916F8BAF2C2948C40017E0EA /* XCRemoteSwiftPackageReference "swift-opus" */ = {
			isa = XCRemoteSwiftPackageReference;
			repositoryURL = "https://github.com/nelcea/swift-opus";
			requirement = {
				kind = upToNextMajorVersion;
				minimumVersion = 1.0.0;
			};
		};
/* End XCRemoteSwiftPackageReference section */

/* Begin XCSwiftPackageProductDependency section */
		916F8BB02C2948C40017E0EA /* Copus */ = {
			isa = XCSwiftPackageProductDependency;
			package = 916F8BAF2C2948C40017E0EA /* XCRemoteSwiftPackageReference "swift-opus" */;
			productName = Copus;
		};
		916F8BB22C2948C40017E0EA /* Opus */ = {
			isa = XCSwiftPackageProductDependency;
			package = 916F8BAF2C2948C40017E0EA /* XCRemoteSwiftPackageReference "swift-opus" */;
			productName = Opus;
		};
/* End XCSwiftPackageProductDependency section */
	};
	rootObject = 91EFC5472BDCEFBB0098D265 /* Project object */;
}
